{
    "name": "settings-sync",
    "version": "0.2.9",
    "lockfileVersion": 2,
    "requires": true,
    "packages": {
        "": {
            "name": "settings-sync",
            "version": "0.2.9",
            "license": "MIT",
            "dependencies": {
                "dayjs": "^1.11.10",
                "ramda": "^0.29.1"
            },
            "engines": {
                "inkdrop": "^5.x"
            }
        },
        "node_modules/dayjs": {
            "version": "1.11.10",
            "resolved": "https://registry.npmjs.org/dayjs/-/dayjs-1.11.10.tgz",
            "integrity": "sha512-vjAczensTgRcqDERK0SR2XMwsF/tSvnvlv6VcF2GIhg6Sx4yOIt/irsr1RDJsKiIyBzJDpCoXiWWq28MqH2cnQ=="
        },
        "node_modules/ramda": {
            "version": "0.29.1",
            "resolved": "https://registry.npmjs.org/ramda/-/ramda-0.29.1.tgz",
            "integrity": "sha512-OfxIeWzd4xdUNxlWhgFazxsA/nl3mS4/jGZI5n00uWOoSSFRhC1b6gl6xvmzUamgmqELraWp0J/qqVlXYPDPyA==",
            "funding": {
                "type": "opencollective",
                "url": "https://opencollective.com/ramda"
            }
        }
    },
    "dependencies": {
        "dayjs": {
            "version": "1.11.10",
            "resolved": "https://registry.npmjs.org/dayjs/-/dayjs-1.11.10.tgz",
            "integrity": "sha512-vjAczensTgRcqDERK0SR2XMwsF/tSvnvlv6VcF2GIhg6Sx4yOIt/irsr1RDJsKiIyBzJDpCoXiWWq28MqH2cnQ=="
        },
        "ramda": {
            "version": "0.29.1",
            "resolved": "https://registry.npmjs.org/ramda/-/ramda-0.29.1.tgz",
            "integrity": "sha512-OfxIeWzd4xdUNxlWhgFazxsA/nl3mS4/jGZI5n00uWOoSSFRhC1b6gl6xvmzUamgmqELraWp0J/qqVlXYPDPyA=="
        }
    }
}
