{
    "name": "settings-sync",
    "version": "0.2.10",
    "lockfileVersion": 2,
    "requires": true,
    "packages": {
        "": {
            "name": "settings-sync",
            "version": "0.2.8",
            "license": "MIT",
            "dependencies": {
                "dayjs": "^1.11.10",
                "ramda": "^0.29.1",
                "semver": "^7.5.4"
            },
            "engines": {
                "inkdrop": "^5.x"
            }
        },
        "node_modules/dayjs": {
            "version": "1.11.10",
            "resolved": "https://registry.npmjs.org/dayjs/-/dayjs-1.11.10.tgz",
            "integrity": "sha512-vjAczensTgRcqDERK0SR2XMwsF/tSvnvlv6VcF2GIhg6Sx4yOIt/irsr1RDJsKiIyBzJDpCoXiWWq28MqH2cnQ=="
        },
        "node_modules/lru-cache": {
            "version": "6.0.0",
            "resolved": "https://registry.npmjs.org/lru-cache/-/lru-cache-6.0.0.tgz",
            "integrity": "sha512-Jo6dJ04CmSjuznwJSS3pUeWmd/H0ffTlkXXgwZi+eq1UCmqQwCh+eLsYOYCwY991i2Fah4h1BEMCx4qThGbsiA==",
            "dependencies": {
                "yallist": "^4.0.0"
            },
            "engines": {
                "node": ">=10"
            }
        },
        "node_modules/ramda": {
            "version": "0.29.1",
            "resolved": "https://registry.npmjs.org/ramda/-/ramda-0.29.1.tgz",
            "integrity": "sha512-OfxIeWzd4xdUNxlWhgFazxsA/nl3mS4/jGZI5n00uWOoSSFRhC1b6gl6xvmzUamgmqELraWp0J/qqVlXYPDPyA==",
            "funding": {
                "type": "opencollective",
                "url": "https://opencollective.com/ramda"
            }
        },
        "node_modules/semver": {
            "version": "7.5.4",
            "resolved": "https://registry.npmjs.org/semver/-/semver-7.5.4.tgz",
            "integrity": "sha512-1bCSESV6Pv+i21Hvpxp3Dx+pSD8lIPt8uVjRrxAUt/nbswYc+tK6Y2btiULjd4+fnq15PX+nqQDC7Oft7WkwcA==",
            "dependencies": {
                "lru-cache": "^6.0.0"
            },
            "bin": {
                "semver": "bin/semver.js"
            },
            "engines": {
                "node": ">=10"
            }
        },
        "node_modules/yallist": {
            "version": "4.0.0",
            "resolved": "https://registry.npmjs.org/yallist/-/yallist-4.0.0.tgz",
            "integrity": "sha512-3wdGidZyq5PB084XLES5TpOSRA3wjXAlIWMhum2kRcv/41Sn2emQ0dycQW4uZXLejwKvg6EsvbdlVL+FYEct7A=="
        }
    },
    "dependencies": {
        "dayjs": {
            "version": "1.11.10",
            "resolved": "https://registry.npmjs.org/dayjs/-/dayjs-1.11.10.tgz",
            "integrity": "sha512-vjAczensTgRcqDERK0SR2XMwsF/tSvnvlv6VcF2GIhg6Sx4yOIt/irsr1RDJsKiIyBzJDpCoXiWWq28MqH2cnQ=="
        },
        "lru-cache": {
            "version": "6.0.0",
            "resolved": "https://registry.npmjs.org/lru-cache/-/lru-cache-6.0.0.tgz",
            "integrity": "sha512-Jo6dJ04CmSjuznwJSS3pUeWmd/H0ffTlkXXgwZi+eq1UCmqQwCh+eLsYOYCwY991i2Fah4h1BEMCx4qThGbsiA==",
            "requires": {
                "yallist": "^4.0.0"
            }
        },
        "ramda": {
            "version": "0.29.1",
            "resolved": "https://registry.npmjs.org/ramda/-/ramda-0.29.1.tgz",
            "integrity": "sha512-OfxIeWzd4xdUNxlWhgFazxsA/nl3mS4/jGZI5n00uWOoSSFRhC1b6gl6xvmzUamgmqELraWp0J/qqVlXYPDPyA=="
        },
        "semver": {
            "version": "7.5.4",
            "resolved": "https://registry.npmjs.org/semver/-/semver-7.5.4.tgz",
            "integrity": "sha512-1bCSESV6Pv+i21Hvpxp3Dx+pSD8lIPt8uVjRrxAUt/nbswYc+tK6Y2btiULjd4+fnq15PX+nqQDC7Oft7WkwcA==",
            "requires": {
                "lru-cache": "^6.0.0"
            }
        },
        "yallist": {
            "version": "4.0.0",
            "resolved": "https://registry.npmjs.org/yallist/-/yallist-4.0.0.tgz",
            "integrity": "sha512-3wdGidZyq5PB084XLES5TpOSRA3wjXAlIWMhum2kRcv/41Sn2emQ0dycQW4uZXLejwKvg6EsvbdlVL+FYEct7A=="
        }
    }
}
